PODS:
  - Flutter (1.0.0)
  - flutter_umeng_analytics (0.0.1):
    - Flutter

DEPENDENCIES:
  - Flutter (from `.symlinks/flutter/ios-release`)
  - flutter_umeng_analytics (from `.symlinks/plugins/flutter_umeng_analytics/ios`)

EXTERNAL SOURCES:
  Flutter:
    :path: ".symlinks/flutter/ios-release"
  flutter_umeng_analytics:
    :path: ".symlinks/plugins/flutter_umeng_analytics/ios"

SPEC CHECKSUMS:
  Flutter: 9d0fac939486c9aba2809b7982dfdbb47a7b0296
  flutter_umeng_analytics: 2aa1f270cd4129defcf538a54555649fc478459f

PODFILE CHECKSUM: d0138c9de3277a17da44fbd8789bbdc1cc490b77

COCOAPODS: 1.5.3
